// !$*UTF8*$!
{
	archiveVersion = 1;
	classes = {
	};
	objectVersion = 77;
	objects = {

/* Begin PBXBuildFile section */
		0C99C0EAB13EC89CA87A9668 /* SpeechTests.swift in Sources */ = {isa = PBXBuildFile; fileRef = 021B66A5F1C82A5A6DFD08B8 /* SpeechTests.swift */; };
		0D457DD2610BAB68B05948CC /* LocationCapture.swift in Sources */ = {isa = PBXBuildFile; fileRef = 75E227CB9D07EC6BD64E95F2 /* LocationCapture.swift */; };
		0DDC420981C50F73DD18E556 /* ConnectorSync.swift in Sources */ = {isa = PBXBuildFile; fileRef = 870F09D02633F5C931A181DA /* ConnectorSync.swift */; };
		13BD270422782D463674448B /* AppState.swift in Sources */ = {isa = PBXBuildFile; fileRef = F29C16E91255A0E4D8BA30DC /* AppState.swift */; };
		22DB9BDFEEE8C697E15CB3F1 /* TaskResponse.swift in Sources */ = {isa = PBXBuildFile; fileRef = A3DD64447563DDCEADD700C2 /* TaskResponse.swift */; };
		23C1EA8A5112A8D8B3F2A6EC /* BackgroundSyncTests.swift in Sources */ = {isa = PBXBuildFile; fileRef = 34C88046675947658051AA23 /* BackgroundSyncTests.swift */; };
		27C6662C31FA32E9EE76DEA9 /* SpeechView.swift in Sources */ = {isa = PBXBuildFile; fileRef = DC3D313A504FF8385B870CE4 /* SpeechView.swift */; };
		2AA401350DAD37BB11FB506E /* PhotoAnalysisView.swift in Sources */ = {isa = PBXBuildFile; fileRef = C13D11A6314EF89ECDB84A5E /* PhotoAnalysisView.swift */; };
		2B722EC57F0E02CE17CC9169 /* ManagementViews.swift in Sources */ = {isa = PBXBuildFile; fileRef = 59682522EF3FF4C68D504EDE /* ManagementViews.swift */; };
		3200B4ACE967E878200789FE /* SyncTests.swift in Sources */ = {isa = PBXBuildFile; fileRef = 31F98BE893BDC6DAF21EE75D /* SyncTests.swift */; };
		35D9A8BF2F4A29BCAB6BD6A6 /* ReminderSchedule.swift in Sources */ = {isa = PBXBuildFile; fileRef = B02189EA2B9A614E7B60C381 /* ReminderSchedule.swift */; };
		3ECFD7DC6007E52EFC8313C5 /* ChatView.swift in Sources */ = {isa = PBXBuildFile; fileRef = FE55D2FE3C69D506D916C9A3 /* ChatView.swift */; };
		5E27B5C93D091DD71C601885 /* WebRTC-LICENSE.txt in Resources */ = {isa = PBXBuildFile; fileRef = 8942679A15317DEFAFD004AC /* WebRTC-LICENSE.txt */; };
		6571226787D32CC9D94130D3 /* AsyncOperationGate.swift in Sources */ = {isa = PBXBuildFile; fileRef = 6655F94B1B4EF8B88E34D214 /* AsyncOperationGate.swift */; };
		67741F121857E92BB53DB322 /* IntentTests.swift in Sources */ = {isa = PBXBuildFile; fileRef = 4B0AD254E02FCFFBCF18F98B /* IntentTests.swift */; };
		76063EF4C6834DDCBBE589D7 /* WebRTC in Frameworks */ = {isa = PBXBuildFile; productRef = BC21537BCC642D60EEDC2F0B /* WebRTC */; };
		8BC859052EB0D6804590A98A /* VoiceCapture.swift in Sources */ = {isa = PBXBuildFile; fileRef = 9EE9E84840F2DB31B0144210 /* VoiceCapture.swift */; };
		8C3CA593A08DD6BDBB7E261E /* DirectTransport.swift in Sources */ = {isa = PBXBuildFile; fileRef = 0642763DE6E5DD69EDC1EAE4 /* DirectTransport.swift */; };
		90C6635A6D4A199315B7C027 /* ReminderIntentService.swift in Sources */ = {isa = PBXBuildFile; fileRef = 7DA4A4E427E22C18F150A9A1 /* ReminderIntentService.swift */; };
		96CDCF927E52288820129842 /* DirectTests.swift in Sources */ = {isa = PBXBuildFile; fileRef = 7AB31B5A22A12DD64AC2B5CA /* DirectTests.swift */; };
		97A507578EF635630FDE75B7 /* CertificateTests.swift in Sources */ = {isa = PBXBuildFile; fileRef = A2801207D982F13C2327BEEB /* CertificateTests.swift */; };
		97D9238113B8261863C1C533 /* PairingScanner.swift in Sources */ = {isa = PBXBuildFile; fileRef = 78CE7B3E8CF1C1E1E3AE3039 /* PairingScanner.swift */; };
		9895A416F620F06B5C9BC810 /* PhotoPreparation.swift in Sources */ = {isa = PBXBuildFile; fileRef = 6A4DABFD6B644F5B4848F1A4 /* PhotoPreparation.swift */; };
		9D1E2E3606F70BE747E4DD31 /* SystemReminderSync.swift in Sources */ = {isa = PBXBuildFile; fileRef = CDB83FE1AF6D0BF100CD7B95 /* SystemReminderSync.swift */; };
		9D6743351460DED597B63044 /* SpeechPlayback.swift in Sources */ = {isa = PBXBuildFile; fileRef = 139483634791876484D98FA9 /* SpeechPlayback.swift */; };
		9FE59175F863F35CE56AE2C8 /* DeviceDataSync.swift in Sources */ = {isa = PBXBuildFile; fileRef = 20306C1DE6F93F8DFF73CABC /* DeviceDataSync.swift */; };
		C0289C241914C3F770FF223C /* ServerTrust.swift in Sources */ = {isa = PBXBuildFile; fileRef = F8618794DCBB144BCD6989D4 /* ServerTrust.swift */; };
		C58AE019E455845FE722DAD7 /* ReminderSyncSettings.swift in Sources */ = {isa = PBXBuildFile; fileRef = 488555DA9581D34F75317DD7 /* ReminderSyncSettings.swift */; };
		CCB39D61D9DF7DF91B7D9E9D /* valid.der in Resources */ = {isa = PBXBuildFile; fileRef = 66988C5604968C44ACD83192 /* valid.der */; };
		D1B2F004EE2B58CE1EA46CDC /* HomeIntents.swift in Sources */ = {isa = PBXBuildFile; fileRef = 9615D81084CBED64C6522C73 /* HomeIntents.swift */; };
		DA9AF565CA34AC8B41343DFB /* RecordSourceView.swift in Sources */ = {isa = PBXBuildFile; fileRef = 1C088017C48A7E19CF39BF89 /* RecordSourceView.swift */; };
		E1EE3C9DF6A2A965A8CF8D87 /* PhotoTests.swift in Sources */ = {isa = PBXBuildFile; fileRef = 146CDED233DA69974310DB30 /* PhotoTests.swift */; };
		E4AEE4ABEC5743739C53A0AD /* SettingsView.swift in Sources */ = {isa = PBXBuildFile; fileRef = 183D74AAB13DDE4008A68FBE /* SettingsView.swift */; };
		E54A2D234B033B4C84F8192B /* expired.der in Resources */ = {isa = PBXBuildFile; fileRef = 69B6E5AB48EE76965AD72D13 /* expired.der */; };
		EA7648138E437BC0514D76C3 /* ConnectSignalling.swift in Sources */ = {isa = PBXBuildFile; fileRef = DA80798DECBA763A2455DBCD /* ConnectSignalling.swift */; };
		F14D0F35AF71D3CE64599B24 /* BackgroundSync.swift in Sources */ = {isa = PBXBuildFile; fileRef = DC91D9E6DFA51EB8E3DBECC0 /* BackgroundSync.swift */; };
		F157368B807DCEA022253C7B /* APIClient.swift in Sources */ = {isa = PBXBuildFile; fileRef = 030A9C6729AEAA14F8E8E130 /* APIClient.swift */; };
		F1EA94C965285C4A371421C1 /* ServerIdentityTests.swift in Sources */ = {isa = PBXBuildFile; fileRef = E6EB9642F2D0AFA749D9322F /* ServerIdentityTests.swift */; };
		F23F05F824092191E1852E69 /* HomeAIApp.swift in Sources */ = {isa = PBXBuildFile; fileRef = 7780E4C314968102960503AA /* HomeAIApp.swift */; };
		F2A9DADDD37E5F78ECA1B800 /* AppShortcuts.strings in Resources */ = {isa = PBXBuildFile; fileRef = 95C00AFF2B6A9C9C42CCE3F2 /* AppShortcuts.strings */; };
		F70BA49598AEC176FE65A948 /* future.der in Resources */ = {isa = PBXBuildFile; fileRef = 7663DFFCF83A100838851D5D /* future.der */; };
		F9B16823F9E13697EC44B81F /* DeviceIdentity.swift in Sources */ = {isa = PBXBuildFile; fileRef = 026E7BEC5639994664ECC698 /* DeviceIdentity.swift */; };
/* End PBXBuildFile section */

/* Begin PBXContainerItemProxy section */
		1927B5E5CCF3BB2A7A93C879 /* PBXContainerItemProxy */ = {
			isa = PBXContainerItemProxy;
			containerPortal = 8B4D4D8D3E2334711FEA80DC /* Project object */;
			proxyType = 1;
			remoteGlobalIDString = 723A0ECA40A2FDEDDAA8270F;
			remoteInfo = HomeAI;
		};
/* End PBXContainerItemProxy section */

/* Begin PBXFileReference section */
		0137196ABAE22F67F52B9D1A /* HomeAI.app */ = {isa = PBXFileReference; includeInIndex = 0; lastKnownFileType = wrapper.application; path = HomeAI.app; sourceTree = BUILT_PRODUCTS_DIR; };
		021B66A5F1C82A5A6DFD08B8 /* SpeechTests.swift */ = {isa = PBXFileReference; lastKnownFileType = sourcecode.swift; path = SpeechTests.swift; sourceTree = "<group>"; };
		026E7BEC5639994664ECC698 /* DeviceIdentity.swift */ = {isa = PBXFileReference; lastKnownFileType = sourcecode.swift; path = DeviceIdentity.swift; sourceTree = "<group>"; };
		030A9C6729AEAA14F8E8E130 /* APIClient.swift */ = {isa = PBXFileReference; lastKnownFileType = sourcecode.swift; path = APIClient.swift; sourceTree = "<group>"; };
		0642763DE6E5DD69EDC1EAE4 /* DirectTransport.swift */ = {isa = PBXFileReference; lastKnownFileType = sourcecode.swift; path = DirectTransport.swift; sourceTree = "<group>"; };
		139483634791876484D98FA9 /* SpeechPlayback.swift */ = {isa = PBXFileReference; lastKnownFileType = sourcecode.swift; path = SpeechPlayback.swift; sourceTree = "<group>"; };
		146CDED233DA69974310DB30 /* PhotoTests.swift */ = {isa = PBXFileReference; lastKnownFileType = sourcecode.swift; path = PhotoTests.swift; sourceTree = "<group>"; };
		183D74AAB13DDE4008A68FBE /* SettingsView.swift */ = {isa = PBXFileReference; lastKnownFileType = sourcecode.swift; path = SettingsView.swift; sourceTree = "<group>"; };
		1C088017C48A7E19CF39BF89 /* RecordSourceView.swift */ = {isa = PBXFileReference; lastKnownFileType = sourcecode.swift; path = RecordSourceView.swift; sourceTree = "<group>"; };
		20306C1DE6F93F8DFF73CABC /* DeviceDataSync.swift */ = {isa = PBXFileReference; lastKnownFileType = sourcecode.swift; path = DeviceDataSync.swift; sourceTree = "<group>"; };
		2565FEAD234C22AC9F0B12E7 /* HomeAI.entitlements */ = {isa = PBXFileReference; lastKnownFileType = text.plist.entitlements; path = HomeAI.entitlements; sourceTree = "<group>"; };
		31F98BE893BDC6DAF21EE75D /* SyncTests.swift */ = {isa = PBXFileReference; lastKnownFileType = sourcecode.swift; path = SyncTests.swift; sourceTree = "<group>"; };
		34C88046675947658051AA23 /* BackgroundSyncTests.swift */ = {isa = PBXFileReference; lastKnownFileType = sourcecode.swift; path = BackgroundSyncTests.swift; sourceTree = "<group>"; };
		3B8932B1B8685BDE56BD299D /* HomeAITests.xctest */ = {isa = PBXFileReference; includeInIndex = 0; lastKnownFileType = wrapper.cfbundle; path = HomeAITests.xctest; sourceTree = BUILT_PRODUCTS_DIR; };
		488555DA9581D34F75317DD7 /* ReminderSyncSettings.swift */ = {isa = PBXFileReference; lastKnownFileType = sourcecode.swift; path = ReminderSyncSettings.swift; sourceTree = "<group>"; };
		4B0AD254E02FCFFBCF18F98B /* IntentTests.swift */ = {isa = PBXFileReference; lastKnownFileType = sourcecode.swift; path = IntentTests.swift; sourceTree = "<group>"; };
		59682522EF3FF4C68D504EDE /* ManagementViews.swift */ = {isa = PBXFileReference; lastKnownFileType = sourcecode.swift; path = ManagementViews.swift; sourceTree = "<group>"; };
		6655F94B1B4EF8B88E34D214 /* AsyncOperationGate.swift */ = {isa = PBXFileReference; lastKnownFileType = sourcecode.swift; path = AsyncOperationGate.swift; sourceTree = "<group>"; };
		66988C5604968C44ACD83192 /* valid.der */ = {isa = PBXFileReference; path = valid.der; sourceTree = "<group>"; };
		69B6E5AB48EE76965AD72D13 /* expired.der */ = {isa = PBXFileReference; path = expired.der; sourceTree = "<group>"; };
		6A4DABFD6B644F5B4848F1A4 /* PhotoPreparation.swift */ = {isa = PBXFileReference; lastKnownFileType = sourcecode.swift; path = PhotoPreparation.swift; sourceTree = "<group>"; };
		75E227CB9D07EC6BD64E95F2 /* LocationCapture.swift */ = {isa = PBXFileReference; lastKnownFileType = sourcecode.swift; path = LocationCapture.swift; sourceTree = "<group>"; };
		7663DFFCF83A100838851D5D /* future.der */ = {isa = PBXFileReference; path = future.der; sourceTree = "<group>"; };
		7780E4C314968102960503AA /* HomeAIApp.swift */ = {isa = PBXFileReference; lastKnownFileType = sourcecode.swift; path = HomeAIApp.swift; sourceTree = "<group>"; };
		78CE7B3E8CF1C1E1E3AE3039 /* PairingScanner.swift */ = {isa = PBXFileReference; lastKnownFileType = sourcecode.swift; path = PairingScanner.swift; sourceTree = "<group>"; };
		7AB31B5A22A12DD64AC2B5CA /* DirectTests.swift */ = {isa = PBXFileReference; lastKnownFileType = sourcecode.swift; path = DirectTests.swift; sourceTree = "<group>"; };
		7DA4A4E427E22C18F150A9A1 /* ReminderIntentService.swift */ = {isa = PBXFileReference; lastKnownFileType = sourcecode.swift; path = ReminderIntentService.swift; sourceTree = "<group>"; };
		870F09D02633F5C931A181DA /* ConnectorSync.swift */ = {isa = PBXFileReference; lastKnownFileType = sourcecode.swift; path = ConnectorSync.swift; sourceTree = "<group>"; };
		8942679A15317DEFAFD004AC /* WebRTC-LICENSE.txt */ = {isa = PBXFileReference; lastKnownFileType = text; path = "WebRTC-LICENSE.txt"; sourceTree = "<group>"; };
		8BDF0FE60E34CE16D2DDD28B /* Info.plist */ = {isa = PBXFileReference; lastKnownFileType = text.plist; path = Info.plist; sourceTree = "<group>"; };
		95C00AFF2B6A9C9C42CCE3F2 /* AppShortcuts.strings */ = {isa = PBXFileReference; lastKnownFileType = text.plist.strings; name = AppShortcuts.strings; path = "zh-Hans.lproj/AppShortcuts.strings"; sourceTree = "<group>"; };
		9615D81084CBED64C6522C73 /* HomeIntents.swift */ = {isa = PBXFileReference; lastKnownFileType = sourcecode.swift; path = HomeIntents.swift; sourceTree = "<group>"; };
		9EE9E84840F2DB31B0144210 /* VoiceCapture.swift */ = {isa = PBXFileReference; lastKnownFileType = sourcecode.swift; path = VoiceCapture.swift; sourceTree = "<group>"; };
		A2801207D982F13C2327BEEB /* CertificateTests.swift */ = {isa = PBXFileReference; lastKnownFileType = sourcecode.swift; path = CertificateTests.swift; sourceTree = "<group>"; };
		A3DD64447563DDCEADD700C2 /* TaskResponse.swift */ = {isa = PBXFileReference; lastKnownFileType = sourcecode.swift; path = TaskResponse.swift; sourceTree = "<group>"; };
		B02189EA2B9A614E7B60C381 /* ReminderSchedule.swift */ = {isa = PBXFileReference; lastKnownFileType = sourcecode.swift; path = ReminderSchedule.swift; sourceTree = "<group>"; };
		C13D11A6314EF89ECDB84A5E /* PhotoAnalysisView.swift */ = {isa = PBXFileReference; lastKnownFileType = sourcecode.swift; path = PhotoAnalysisView.swift; sourceTree = "<group>"; };
		CDB83FE1AF6D0BF100CD7B95 /* SystemReminderSync.swift */ = {isa = PBXFileReference; lastKnownFileType = sourcecode.swift; path = SystemReminderSync.swift; sourceTree = "<group>"; };
		DA80798DECBA763A2455DBCD /* ConnectSignalling.swift */ = {isa = PBXFileReference; lastKnownFileType = sourcecode.swift; path = ConnectSignalling.swift; sourceTree = "<group>"; };
		DC3D313A504FF8385B870CE4 /* SpeechView.swift */ = {isa = PBXFileReference; lastKnownFileType = sourcecode.swift; path = SpeechView.swift; sourceTree = "<group>"; };
		DC91D9E6DFA51EB8E3DBECC0 /* BackgroundSync.swift */ = {isa = PBXFileReference; lastKnownFileType = sourcecode.swift; path = BackgroundSync.swift; sourceTree = "<group>"; };
		E6EB9642F2D0AFA749D9322F /* ServerIdentityTests.swift */ = {isa = PBXFileReference; lastKnownFileType = sourcecode.swift; path = ServerIdentityTests.swift; sourceTree = "<group>"; };
		F29C16E91255A0E4D8BA30DC /* AppState.swift */ = {isa = PBXFileReference; lastKnownFileType = sourcecode.swift; path = AppState.swift; sourceTree = "<group>"; };
		F8618794DCBB144BCD6989D4 /* ServerTrust.swift */ = {isa = PBXFileReference; lastKnownFileType = sourcecode.swift; path = ServerTrust.swift; sourceTree = "<group>"; };
		FE55D2FE3C69D506D916C9A3 /* ChatView.swift */ = {isa = PBXFileReference; lastKnownFileType = sourcecode.swift; path = ChatView.swift; sourceTree = "<group>"; };
/* End PBXFileReference section */

/* Begin PBXFrameworksBuildPhase section */
		048D611B66DAA03A8A59D4AF /* Frameworks */ = {
			isa = PBXFrameworksBuildPhase;
			buildActionMask = 2147483647;
			files = (
				76063EF4C6834DDCBBE589D7 /* WebRTC in Frameworks */,
			);
			runOnlyForDeploymentPostprocessing = 0;
		};
/* End PBXFrameworksBuildPhase section */

/* Begin PBXGroup section */
		28D2C01869CF8CDC3D66616F /* HomeAITests */ = {
			isa = PBXGroup;
			children = (
				34C88046675947658051AA23 /* BackgroundSyncTests.swift */,
				A2801207D982F13C2327BEEB /* CertificateTests.swift */,
				7AB31B5A22A12DD64AC2B5CA /* DirectTests.swift */,
				69B6E5AB48EE76965AD72D13 /* expired.der */,
				7663DFFCF83A100838851D5D /* future.der */,
				4B0AD254E02FCFFBCF18F98B /* IntentTests.swift */,
				146CDED233DA69974310DB30 /* PhotoTests.swift */,
				E6EB9642F2D0AFA749D9322F /* ServerIdentityTests.swift */,
				021B66A5F1C82A5A6DFD08B8 /* SpeechTests.swift */,
				31F98BE893BDC6DAF21EE75D /* SyncTests.swift */,
				66988C5604968C44ACD83192 /* valid.der */,
			);
			path = HomeAITests;
			sourceTree = "<group>";
		};
		2CD985B63594BE2640B1EBDF /* Resources */ = {
			isa = PBXGroup;
			children = (
				95C00AFF2B6A9C9C42CCE3F2 /* AppShortcuts.strings */,
				8942679A15317DEFAFD004AC /* WebRTC-LICENSE.txt */,
			);
			path = Resources;
			sourceTree = "<group>";
		};
		311AF46D3716E4293947732B /* Features */ = {
			isa = PBXGroup;
			children = (
				FE55D2FE3C69D506D916C9A3 /* ChatView.swift */,
				59682522EF3FF4C68D504EDE /* ManagementViews.swift */,
				78CE7B3E8CF1C1E1E3AE3039 /* PairingScanner.swift */,
				C13D11A6314EF89ECDB84A5E /* PhotoAnalysisView.swift */,
				1C088017C48A7E19CF39BF89 /* RecordSourceView.swift */,
				488555DA9581D34F75317DD7 /* ReminderSyncSettings.swift */,
				183D74AAB13DDE4008A68FBE /* SettingsView.swift */,
				DC3D313A504FF8385B870CE4 /* SpeechView.swift */,
			);
			path = Features;
			sourceTree = "<group>";
		};
		3D10D10553520F18274DEF53 = {
			isa = PBXGroup;
			children = (
				A2A09E7EB0C741A5E6EAF004 /* HomeAI */,
				28D2C01869CF8CDC3D66616F /* HomeAITests */,
				7DCA41109DD34FA9E37B5D9E /* Products */,
			);
			sourceTree = "<group>";
		};
		486CF881A1A352D4BA54175F /* Core */ = {
			isa = PBXGroup;
			children = (
				030A9C6729AEAA14F8E8E130 /* APIClient.swift */,
				F29C16E91255A0E4D8BA30DC /* AppState.swift */,
				6655F94B1B4EF8B88E34D214 /* AsyncOperationGate.swift */,
				DC91D9E6DFA51EB8E3DBECC0 /* BackgroundSync.swift */,
				DA80798DECBA763A2455DBCD /* ConnectSignalling.swift */,
				20306C1DE6F93F8DFF73CABC /* DeviceDataSync.swift */,
				026E7BEC5639994664ECC698 /* DeviceIdentity.swift */,
				0642763DE6E5DD69EDC1EAE4 /* DirectTransport.swift */,
				7DA4A4E427E22C18F150A9A1 /* ReminderIntentService.swift */,
				F8618794DCBB144BCD6989D4 /* ServerTrust.swift */,
				139483634791876484D98FA9 /* SpeechPlayback.swift */,
				A3DD64447563DDCEADD700C2 /* TaskResponse.swift */,
			);
			path = Core;
			sourceTree = "<group>";
		};
		5ADB638544DD8EF180A44736 /* Intents */ = {
			isa = PBXGroup;
			children = (
				9615D81084CBED64C6522C73 /* HomeIntents.swift */,
			);
			path = Intents;
			sourceTree = "<group>";
		};
		7DCA41109DD34FA9E37B5D9E /* Products */ = {
			isa = PBXGroup;
			children = (
				0137196ABAE22F67F52B9D1A /* HomeAI.app */,
				3B8932B1B8685BDE56BD299D /* HomeAITests.xctest */,
			);
			name = Products;
			sourceTree = "<group>";
		};
		A2A09E7EB0C741A5E6EAF004 /* HomeAI */ = {
			isa = PBXGroup;
			children = (
				2565FEAD234C22AC9F0B12E7 /* HomeAI.entitlements */,
				7780E4C314968102960503AA /* HomeAIApp.swift */,
				8BDF0FE60E34CE16D2DDD28B /* Info.plist */,
				C7A72B4ED1D545BD9618F97F /* Connectors */,
				486CF881A1A352D4BA54175F /* Core */,
				311AF46D3716E4293947732B /* Features */,
				5ADB638544DD8EF180A44736 /* Intents */,
				2CD985B63594BE2640B1EBDF /* Resources */,
			);
			path = HomeAI;
			sourceTree = "<group>";
		};
		C7A72B4ED1D545BD9618F97F /* Connectors */ = {
			isa = PBXGroup;
			children = (
				870F09D02633F5C931A181DA /* ConnectorSync.swift */,
				75E227CB9D07EC6BD64E95F2 /* LocationCapture.swift */,
				6A4DABFD6B644F5B4848F1A4 /* PhotoPreparation.swift */,
				B02189EA2B9A614E7B60C381 /* ReminderSchedule.swift */,
				CDB83FE1AF6D0BF100CD7B95 /* SystemReminderSync.swift */,
				9EE9E84840F2DB31B0144210 /* VoiceCapture.swift */,
			);
			path = Connectors;
			sourceTree = "<group>";
		};
/* End PBXGroup section */

/* Begin PBXNativeTarget section */
		723A0ECA40A2FDEDDAA8270F /* HomeAI */ = {
			isa = PBXNativeTarget;
			buildConfigurationList = 854045FF71EBC983C77EEAC0 /* Build configuration list for PBXNativeTarget "HomeAI" */;
			buildPhases = (
				CF6BF380ABE25CC23BD2C531 /* Sources */,
				8C69A5E6AB5ED85C5D99E934 /* Resources */,
				048D611B66DAA03A8A59D4AF /* Frameworks */,
			);
			buildRules = (
			);
			dependencies = (
			);
			name = HomeAI;
			packageProductDependencies = (
				BC21537BCC642D60EEDC2F0B /* WebRTC */,
			);
			productName = HomeAI;
			productReference = 0137196ABAE22F67F52B9D1A /* HomeAI.app */;
			productType = "com.apple.product-type.application";
		};
		FE9AEA97CADB62E08BBA935C /* HomeAITests */ = {
			isa = PBXNativeTarget;
			buildConfigurationList = 7C8AE3904925EE2039BCAEF1 /* Build configuration list for PBXNativeTarget "HomeAITests" */;
			buildPhases = (
				E79DE30D5A6E58974C72DED8 /* Sources */,
				760FFD7E7732A4F5A96A6CC4 /* Resources */,
			);
			buildRules = (
			);
			dependencies = (
				C0A7922D26005C5001A9898C /* PBXTargetDependency */,
			);
			name = HomeAITests;
			packageProductDependencies = (
			);
			productName = HomeAITests;
			productReference = 3B8932B1B8685BDE56BD299D /* HomeAITests.xctest */;
			productType = "com.apple.product-type.bundle.unit-test";
		};
/* End PBXNativeTarget section */

/* Begin PBXProject section */
		8B4D4D8D3E2334711FEA80DC /* Project object */ = {
			isa = PBXProject;
			attributes = {
				BuildIndependentTargetsInParallel = YES;
				LastUpgradeCheck = 1430;
				TargetAttributes = {
					723A0ECA40A2FDEDDAA8270F = {
						ProvisioningStyle = Automatic;
					};
					FE9AEA97CADB62E08BBA935C = {
						ProvisioningStyle = Automatic;
					};
				};
			};
			buildConfigurationList = 97E4AAFFC8DB862D1332E202 /* Build configuration list for PBXProject "HomeAI" */;
			developmentRegion = en;
			hasScannedForEncodings = 0;
			knownRegions = (
				Base,
				en,
				"zh-Hans",
			);
			mainGroup = 3D10D10553520F18274DEF53;
			minimizedProjectReferenceProxies = 1;
			packageReferences = (
				5A556A6D3755A2F49DCECDD5 /* XCRemoteSwiftPackageReference "WebRTC" */,
			);
			preferredProjectObjectVersion = 77;
			productRefGroup = 7DCA41109DD34FA9E37B5D9E /* Products */;
			projectDirPath = "";
			projectRoot = "";
			targets = (
				723A0ECA40A2FDEDDAA8270F /* HomeAI */,
				FE9AEA97CADB62E08BBA935C /* HomeAITests */,
			);
		};
/* End PBXProject section */

/* Begin PBXResourcesBuildPhase section */
		760FFD7E7732A4F5A96A6CC4 /* Resources */ = {
			isa = PBXResourcesBuildPhase;
			buildActionMask = 2147483647;
			files = (
				E54A2D234B033B4C84F8192B /* expired.der in Resources */,
				F70BA49598AEC176FE65A948 /* future.der in Resources */,
				CCB39D61D9DF7DF91B7D9E9D /* valid.der in Resources */,
			);
			runOnlyForDeploymentPostprocessing = 0;
		};
		8C69A5E6AB5ED85C5D99E934 /* Resources */ = {
			isa = PBXResourcesBuildPhase;
			buildActionMask = 2147483647;
			files = (
				F2A9DADDD37E5F78ECA1B800 /* AppShortcuts.strings in Resources */,
				5E27B5C93D091DD71C601885 /* WebRTC-LICENSE.txt in Resources */,
			);
			runOnlyForDeploymentPostprocessing = 0;
		};
/* End PBXResourcesBuildPhase section */

/* Begin PBXSourcesBuildPhase section */
		CF6BF380ABE25CC23BD2C531 /* Sources */ = {
			isa = PBXSourcesBuildPhase;
			buildActionMask = 2147483647;
			files = (
				F157368B807DCEA022253C7B /* APIClient.swift in Sources */,
				13BD270422782D463674448B /* AppState.swift in Sources */,
				6571226787D32CC9D94130D3 /* AsyncOperationGate.swift in Sources */,
				F14D0F35AF71D3CE64599B24 /* BackgroundSync.swift in Sources */,
				3ECFD7DC6007E52EFC8313C5 /* ChatView.swift in Sources */,
				EA7648138E437BC0514D76C3 /* ConnectSignalling.swift in Sources */,
				0DDC420981C50F73DD18E556 /* ConnectorSync.swift in Sources */,
				9FE59175F863F35CE56AE2C8 /* DeviceDataSync.swift in Sources */,
				F9B16823F9E13697EC44B81F /* DeviceIdentity.swift in Sources */,
				8C3CA593A08DD6BDBB7E261E /* DirectTransport.swift in Sources */,
				F23F05F824092191E1852E69 /* HomeAIApp.swift in Sources */,
				D1B2F004EE2B58CE1EA46CDC /* HomeIntents.swift in Sources */,
				0D457DD2610BAB68B05948CC /* LocationCapture.swift in Sources */,
				2B722EC57F0E02CE17CC9169 /* ManagementViews.swift in Sources */,
				97D9238113B8261863C1C533 /* PairingScanner.swift in Sources */,
				2AA401350DAD37BB11FB506E /* PhotoAnalysisView.swift in Sources */,
				9895A416F620F06B5C9BC810 /* PhotoPreparation.swift in Sources */,
				DA9AF565CA34AC8B41343DFB /* RecordSourceView.swift in Sources */,
				90C6635A6D4A199315B7C027 /* ReminderIntentService.swift in Sources */,
				35D9A8BF2F4A29BCAB6BD6A6 /* ReminderSchedule.swift in Sources */,
				C58AE019E455845FE722DAD7 /* ReminderSyncSettings.swift in Sources */,
				C0289C241914C3F770FF223C /* ServerTrust.swift in Sources */,
				E4AEE4ABEC5743739C53A0AD /* SettingsView.swift in Sources */,
				9D6743351460DED597B63044 /* SpeechPlayback.swift in Sources */,
				27C6662C31FA32E9EE76DEA9 /* SpeechView.swift in Sources */,
				9D1E2E3606F70BE747E4DD31 /* SystemReminderSync.swift in Sources */,
				22DB9BDFEEE8C697E15CB3F1 /* TaskResponse.swift in Sources */,
				8BC859052EB0D6804590A98A /* VoiceCapture.swift in Sources */,
			);
			runOnlyForDeploymentPostprocessing = 0;
		};
		E79DE30D5A6E58974C72DED8 /* Sources */ = {
			isa = PBXSourcesBuildPhase;
			buildActionMask = 2147483647;
			files = (
				23C1EA8A5112A8D8B3F2A6EC /* BackgroundSyncTests.swift in Sources */,
				97A507578EF635630FDE75B7 /* CertificateTests.swift in Sources */,
				96CDCF927E52288820129842 /* DirectTests.swift in Sources */,
				67741F121857E92BB53DB322 /* IntentTests.swift in Sources */,
				E1EE3C9DF6A2A965A8CF8D87 /* PhotoTests.swift in Sources */,
				F1EA94C965285C4A371421C1 /* ServerIdentityTests.swift in Sources */,
				0C99C0EAB13EC89CA87A9668 /* SpeechTests.swift in Sources */,
				3200B4ACE967E878200789FE /* SyncTests.swift in Sources */,
			);
			runOnlyForDeploymentPostprocessing = 0;
		};
/* End PBXSourcesBuildPhase section */

/* Begin PBXTargetDependency section */
		C0A7922D26005C5001A9898C /* PBXTargetDependency */ = {
			isa = PBXTargetDependency;
			target = 723A0ECA40A2FDEDDAA8270F /* HomeAI */;
			targetProxy = 1927B5E5CCF3BB2A7A93C879 /* PBXContainerItemProxy */;
		};
/* End PBXTargetDependency section */

/* Begin XCBuildConfiguration section */
		103EBEFB7BB9BA2A264CFCA4 /* Release */ = {
			isa = XCBuildConfiguration;
			buildSettings = {
				ALWAYS_SEARCH_USER_PATHS = NO;
				CLANG_ANALYZER_NONNULL = YES;
				CLANG_ANALYZER_NUMBER_OBJECT_CONVERSION = YES_AGGRESSIVE;
				CLANG_CXX_LANGUAGE_STANDARD = "gnu++14";
				CLANG_CXX_LIBRARY = "libc++";
				CLANG_ENABLE_MODULES = YES;
				CLANG_ENABLE_OBJC_ARC = YES;
				CLANG_ENABLE_OBJC_WEAK = YES;
				CLANG_WARN_BLOCK_CAPTURE_AUTORELEASING = YES;
				CLANG_WARN_BOOL_CONVERSION = YES;
				CLANG_WARN_COMMA = YES;
				CLANG_WARN_CONSTANT_CONVERSION = YES;
				CLANG_WARN_DEPRECATED_OBJC_IMPLEMENTATIONS = YES;
				CLANG_WARN_DIRECT_OBJC_ISA_USAGE = YES_ERROR;
				CLANG_WARN_DOCUMENTATION_COMMENTS = YES;
				CLANG_WARN_EMPTY_BODY = YES;
				CLANG_WARN_ENUM_CONVERSION = YES;
				CLANG_WARN_INFINITE_RECURSION = YES;
				CLANG_WARN_INT_CONVERSION = YES;
				CLANG_WARN_NON_LITERAL_NULL_CONVERSION = YES;
				CLANG_WARN_OBJC_IMPLICIT_RETAIN_SELF = YES;
				CLANG_WARN_OBJC_LITERAL_CONVERSION = YES;
				CLANG_WARN_OBJC_ROOT_CLASS = YES_ERROR;
				CLANG_WARN_QUOTED_INCLUDE_IN_FRAMEWORK_HEADER = YES;
				CLANG_WARN_RANGE_LOOP_ANALYSIS = YES;
				CLANG_WARN_STRICT_PROTOTYPES = YES;
				CLANG_WARN_SUSPICIOUS_MOVE = YES;
				CLANG_WARN_UNGUARDED_AVAILABILITY = YES_AGGRESSIVE;
				CLANG_WARN_UNREACHABLE_CODE = YES;
				CLANG_WARN__DUPLICATE_METHOD_MATCH = YES;
				CODE_SIGN_STYLE = Automatic;
				COPY_PHASE_STRIP = NO;
				DEBUG_INFORMATION_FORMAT = "dwarf-with-dsym";
				ENABLE_NS_ASSERTIONS = NO;
				ENABLE_STRICT_OBJC_MSGSEND = YES;
				GCC_C_LANGUAGE_STANDARD = gnu11;
				GCC_NO_COMMON_BLOCKS = YES;
				GCC_WARN_64_TO_32_BIT_CONVERSION = YES;
				GCC_WARN_ABOUT_RETURN_TYPE = YES_ERROR;
				GCC_WARN_UNDECLARED_SELECTOR = YES;
				GCC_WARN_UNINITIALIZED_AUTOS = YES_AGGRESSIVE;
				GCC_WARN_UNUSED_FUNCTION = YES;
				GCC_WARN_UNUSED_VARIABLE = YES;
				GENERATE_INFOPLIST_FILE = YES;
				IPHONEOS_DEPLOYMENT_TARGET = 18.0;
				MTL_ENABLE_DEBUG_INFO = NO;
				MTL_FAST_MATH = YES;
				PRODUCT_NAME = "$(TARGET_NAME)";
				SDKROOT = iphoneos;
				SWIFT_COMPILATION_MODE = wholemodule;
				SWIFT_OPTIMIZATION_LEVEL = "-O";
				SWIFT_STRICT_CONCURRENCY = complete;
				SWIFT_VERSION = 6.0;
			};
			name = Release;
		};
		3A02009D9E66AA4F53FD577E /* Release */ = {
			isa = XCBuildConfiguration;
			buildSettings = {
				ASSETCATALOG_COMPILER_APPICON_NAME = AppIcon;
				CODE_SIGN_ENTITLEMENTS = HomeAI/HomeAI.entitlements;
				CODE_SIGN_IDENTITY = "iPhone Developer";
				INFOPLIST_FILE = HomeAI/Info.plist;
				INFOPLIST_KEY_CFBundleDisplayName = "Home AI";
				INFOPLIST_KEY_NSCalendarsFullAccessUsageDescription = "将你授权的日历同步到家庭服务器";
				INFOPLIST_KEY_NSCameraUsageDescription = "扫描家庭服务器配对二维码";
				INFOPLIST_KEY_NSContactsUsageDescription = "将你授权的联系人同步到家庭服务器";
				INFOPLIST_KEY_NSHealthShareUsageDescription = "将你授权的健康数据同步到家庭服务器";
				INFOPLIST_KEY_NSHealthUpdateUsageDescription = "管理你明确授权的健康数据";
				INFOPLIST_KEY_NSLocalNetworkUsageDescription = "连接你的家庭 AI 服务器";
				INFOPLIST_KEY_NSLocationWhenInUseUsageDescription = "将本次位置分享给家庭服务器";
				INFOPLIST_KEY_NSMicrophoneUsageDescription = "录制语音并交给家庭服务器处理";
				INFOPLIST_KEY_NSPhotoLibraryUsageDescription = "读取你选择的照片并同步到家庭服务器";
				INFOPLIST_KEY_NSRemindersFullAccessUsageDescription = "读取你授权的提醒，并在你明确启用后将家庭提醒写入所选系统列表";
				INFOPLIST_KEY_UIApplicationSceneManifest_Generation = YES;
				INFOPLIST_KEY_UILaunchScreen_Generation = YES;
				LD_RUNPATH_SEARCH_PATHS = (
					"$(inherited)",
					"@executable_path/Frameworks",
				);
				PRODUCT_BUNDLE_IDENTIFIER = dev.homeai.ios;
				SDKROOT = iphoneos;
				TARGETED_DEVICE_FAMILY = "1,2";
			};
			name = Release;
		};
		64A9A90F7EADBD675FAA44BA /* Debug */ = {
			isa = XCBuildConfiguration;
			buildSettings = {
				BUNDLE_LOADER = "$(TEST_HOST)";
				LD_RUNPATH_SEARCH_PATHS = (
					"$(inherited)",
					"@executable_path/Frameworks",
					"@loader_path/Frameworks",
				);
				PRODUCT_BUNDLE_IDENTIFIER = dev.homeai.ios.tests;
				SDKROOT = iphoneos;
				TARGETED_DEVICE_FAMILY = "1,2";
				TEST_HOST = "$(BUILT_PRODUCTS_DIR)/HomeAI.app/HomeAI";
			};
			name = Debug;
		};
		A3ADC2754E38C41F7D8CBB31 /* Release */ = {
			isa = XCBuildConfiguration;
			buildSettings = {
				BUNDLE_LOADER = "$(TEST_HOST)";
				LD_RUNPATH_SEARCH_PATHS = (
					"$(inherited)",
					"@executable_path/Frameworks",
					"@loader_path/Frameworks",
				);
				PRODUCT_BUNDLE_IDENTIFIER = dev.homeai.ios.tests;
				SDKROOT = iphoneos;
				TARGETED_DEVICE_FAMILY = "1,2";
				TEST_HOST = "$(BUILT_PRODUCTS_DIR)/HomeAI.app/HomeAI";
			};
			name = Release;
		};
		AB01411D7DBD1AB1036D9417 /* Debug */ = {
			isa = XCBuildConfiguration;
			buildSettings = {
				ASSETCATALOG_COMPILER_APPICON_NAME = AppIcon;
				CODE_SIGN_ENTITLEMENTS = HomeAI/HomeAI.entitlements;
				CODE_SIGN_IDENTITY = "iPhone Developer";
				INFOPLIST_FILE = HomeAI/Info.plist;
				INFOPLIST_KEY_CFBundleDisplayName = "Home AI";
				INFOPLIST_KEY_NSCalendarsFullAccessUsageDescription = "将你授权的日历同步到家庭服务器";
				INFOPLIST_KEY_NSCameraUsageDescription = "扫描家庭服务器配对二维码";
				INFOPLIST_KEY_NSContactsUsageDescription = "将你授权的联系人同步到家庭服务器";
				INFOPLIST_KEY_NSHealthShareUsageDescription = "将你授权的健康数据同步到家庭服务器";
				INFOPLIST_KEY_NSHealthUpdateUsageDescription = "管理你明确授权的健康数据";
				INFOPLIST_KEY_NSLocalNetworkUsageDescription = "连接你的家庭 AI 服务器";
				INFOPLIST_KEY_NSLocationWhenInUseUsageDescription = "将本次位置分享给家庭服务器";
				INFOPLIST_KEY_NSMicrophoneUsageDescription = "录制语音并交给家庭服务器处理";
				INFOPLIST_KEY_NSPhotoLibraryUsageDescription = "读取你选择的照片并同步到家庭服务器";
				INFOPLIST_KEY_NSRemindersFullAccessUsageDescription = "读取你授权的提醒，并在你明确启用后将家庭提醒写入所选系统列表";
				INFOPLIST_KEY_UIApplicationSceneManifest_Generation = YES;
				INFOPLIST_KEY_UILaunchScreen_Generation = YES;
				LD_RUNPATH_SEARCH_PATHS = (
					"$(inherited)",
					"@executable_path/Frameworks",
				);
				PRODUCT_BUNDLE_IDENTIFIER = dev.homeai.ios;
				SDKROOT = iphoneos;
				TARGETED_DEVICE_FAMILY = "1,2";
			};
			name = Debug;
		};
		D7BC43364820A1ACA353C79A /* Debug */ = {
			isa = XCBuildConfiguration;
			buildSettings = {
				ALWAYS_SEARCH_USER_PATHS = NO;
				CLANG_ANALYZER_NONNULL = YES;
				CLANG_ANALYZER_NUMBER_OBJECT_CONVERSION = YES_AGGRESSIVE;
				CLANG_CXX_LANGUAGE_STANDARD = "gnu++14";
				CLANG_CXX_LIBRARY = "libc++";
				CLANG_ENABLE_MODULES = YES;
				CLANG_ENABLE_OBJC_ARC = YES;
				CLANG_ENABLE_OBJC_WEAK = YES;
				CLANG_WARN_BLOCK_CAPTURE_AUTORELEASING = YES;
				CLANG_WARN_BOOL_CONVERSION = YES;
				CLANG_WARN_COMMA = YES;
				CLANG_WARN_CONSTANT_CONVERSION = YES;
				CLANG_WARN_DEPRECATED_OBJC_IMPLEMENTATIONS = YES;
				CLANG_WARN_DIRECT_OBJC_ISA_USAGE = YES_ERROR;
				CLANG_WARN_DOCUMENTATION_COMMENTS = YES;
				CLANG_WARN_EMPTY_BODY = YES;
				CLANG_WARN_ENUM_CONVERSION = YES;
				CLANG_WARN_INFINITE_RECURSION = YES;
				CLANG_WARN_INT_CONVERSION = YES;
				CLANG_WARN_NON_LITERAL_NULL_CONVERSION = YES;
				CLANG_WARN_OBJC_IMPLICIT_RETAIN_SELF = YES;
				CLANG_WARN_OBJC_LITERAL_CONVERSION = YES;
				CLANG_WARN_OBJC_ROOT_CLASS = YES_ERROR;
				CLANG_WARN_QUOTED_INCLUDE_IN_FRAMEWORK_HEADER = YES;
				CLANG_WARN_RANGE_LOOP_ANALYSIS = YES;
				CLANG_WARN_STRICT_PROTOTYPES = YES;
				CLANG_WARN_SUSPICIOUS_MOVE = YES;
				CLANG_WARN_UNGUARDED_AVAILABILITY = YES_AGGRESSIVE;
				CLANG_WARN_UNREACHABLE_CODE = YES;
				CLANG_WARN__DUPLICATE_METHOD_MATCH = YES;
				CODE_SIGN_STYLE = Automatic;
				COPY_PHASE_STRIP = NO;
				DEBUG_INFORMATION_FORMAT = dwarf;
				ENABLE_STRICT_OBJC_MSGSEND = YES;
				ENABLE_TESTABILITY = YES;
				GCC_C_LANGUAGE_STANDARD = gnu11;
				GCC_DYNAMIC_NO_PIC = NO;
				GCC_NO_COMMON_BLOCKS = YES;
				GCC_OPTIMIZATION_LEVEL = 0;
				GCC_PREPROCESSOR_DEFINITIONS = (
					"$(inherited)",
					"DEBUG=1",
				);
				GCC_WARN_64_TO_32_BIT_CONVERSION = YES;
				GCC_WARN_ABOUT_RETURN_TYPE = YES_ERROR;
				GCC_WARN_UNDECLARED_SELECTOR = YES;
				GCC_WARN_UNINITIALIZED_AUTOS = YES_AGGRESSIVE;
				GCC_WARN_UNUSED_FUNCTION = YES;
				GCC_WARN_UNUSED_VARIABLE = YES;
				GENERATE_INFOPLIST_FILE = YES;
				IPHONEOS_DEPLOYMENT_TARGET = 18.0;
				MTL_ENABLE_DEBUG_INFO = INCLUDE_SOURCE;
				MTL_FAST_MATH = YES;
				ONLY_ACTIVE_ARCH = YES;
				PRODUCT_NAME = "$(TARGET_NAME)";
				SDKROOT = iphoneos;
				SWIFT_ACTIVE_COMPILATION_CONDITIONS = DEBUG;
				SWIFT_OPTIMIZATION_LEVEL = "-Onone";
				SWIFT_STRICT_CONCURRENCY = complete;
				SWIFT_VERSION = 6.0;
			};
			name = Debug;
		};
/* End XCBuildConfiguration section */

/* Begin XCConfigurationList section */
		7C8AE3904925EE2039BCAEF1 /* Build configuration list for PBXNativeTarget "HomeAITests" */ = {
			isa = XCConfigurationList;
			buildConfigurations = (
				64A9A90F7EADBD675FAA44BA /* Debug */,
				A3ADC2754E38C41F7D8CBB31 /* Release */,
			);
			defaultConfigurationIsVisible = 0;
			defaultConfigurationName = Debug;
		};
		854045FF71EBC983C77EEAC0 /* Build configuration list for PBXNativeTarget "HomeAI" */ = {
			isa = XCConfigurationList;
			buildConfigurations = (
				AB01411D7DBD1AB1036D9417 /* Debug */,
				3A02009D9E66AA4F53FD577E /* Release */,
			);
			defaultConfigurationIsVisible = 0;
			defaultConfigurationName = Debug;
		};
		97E4AAFFC8DB862D1332E202 /* Build configuration list for PBXProject "HomeAI" */ = {
			isa = XCConfigurationList;
			buildConfigurations = (
				D7BC43364820A1ACA353C79A /* Debug */,
				103EBEFB7BB9BA2A264CFCA4 /* Release */,
			);
			defaultConfigurationIsVisible = 0;
			defaultConfigurationName = Debug;
		};
/* End XCConfigurationList section */

/* Begin XCRemoteSwiftPackageReference section */
		5A556A6D3755A2F49DCECDD5 /* XCRemoteSwiftPackageReference "WebRTC" */ = {
			isa = XCRemoteSwiftPackageReference;
			repositoryURL = "https://github.com/stasel/WebRTC.git";
			requirement = {
				kind = exactVersion;
				version = 153.0.0;
			};
		};
/* End XCRemoteSwiftPackageReference section */

/* Begin XCSwiftPackageProductDependency section */
		BC21537BCC642D60EEDC2F0B /* WebRTC */ = {
			isa = XCSwiftPackageProductDependency;
			package = 5A556A6D3755A2F49DCECDD5 /* XCRemoteSwiftPackageReference "WebRTC" */;
			productName = WebRTC;
		};
/* End XCSwiftPackageProductDependency section */
	};
	rootObject = 8B4D4D8D3E2334711FEA80DC /* Project object */;
}
